
Microsoft Visual Studio Solution File, Format Version 12.00
# Visual Studio 2012
Project("{8BC9CEB8-8B4A-11D0-8D11-00A0C91BC942}") = "Cell Centre Crypt Simulation", "Cell Centre Crypt Simulation\Cell Centre Crypt Simulation.vcxproj", "{EC161B5B-3B1F-4018-962F-44A7FCC091A0}"
EndProject
Global
	GlobalSection(SolutionConfigurationPlatforms) = preSolution
		Debug|Win32 = Debug|Win32
		IcebergRelease|Win32 = IcebergRelease|Win32
		Release|Win32 = Release|Win32
		Test Debug|Win32 = Test Debug|Win32
		Test Release|Win32 = Test Release|Win32
	EndGlobalSection
	GlobalSection(ProjectConfigurationPlatforms) = postSolution
		{EC161B5B-3B1F-4018-962F-44A7FCC091A0}.Debug|Win32.ActiveCfg = Debug|Win32
		{EC161B5B-3B1F-4018-962F-44A7FCC091A0}.Debug|Win32.Build.0 = Debug|Win32
		{EC161B5B-3B1F-4018-962F-44A7FCC091A0}.IcebergRelease|Win32.ActiveCfg = IcebergRelease|Win32
		{EC161B5B-3B1F-4018-962F-44A7FCC091A0}.IcebergRelease|Win32.Build.0 = IcebergRelease|Win32
		{EC161B5B-3B1F-4018-962F-44A7FCC091A0}.Release|Win32.ActiveCfg = Release|Win32
		{EC161B5B-3B1F-4018-962F-44A7FCC091A0}.Release|Win32.Build.0 = Release|Win32
		{EC161B5B-3B1F-4018-962F-44A7FCC091A0}.Test Debug|Win32.ActiveCfg = Test Debug|Win32
		{EC161B5B-3B1F-4018-962F-44A7FCC091A0}.Test Debug|Win32.Build.0 = Test Debug|Win32
		{EC161B5B-3B1F-4018-962F-44A7FCC091A0}.Test Release|Win32.ActiveCfg = Test Release|Win32
		{EC161B5B-3B1F-4018-962F-44A7FCC091A0}.Test Release|Win32.Build.0 = Test Release|Win32
	EndGlobalSection
	GlobalSection(SolutionProperties) = preSolution
		HideSolutionNode = FALSE
	EndGlobalSection
EndGlobal
